
Microsoft Visual Studio Solution File, Format Version 12.00
# Visual Studio Version 16
VisualStudioVersion = 16.0.32602.291
MinimumVisualStudioVersion = 10.0.40219.1
Project("{FAE04EC0-301F-11D3-BF4B-00C04F79EFBC}") = "assignment8", "assignment8\assignment8.csproj", "{56A57481-9895-4CEE-9C2B-254ED385974F}"
EndProject
Global
	GlobalSection(SolutionConfigurationPlatforms) = preSolution
		Debug|Any CPU = Debug|Any CPU
		Release|Any CPU = Release|Any CPU
	EndGlobalSection
	GlobalSection(ProjectConfigurationPlatforms) = postSolution
		{56A57481-9895-4CEE-9C2B-254ED385974F}.Debug|Any CPU.ActiveCfg = Debug|Any CPU
		{56A57481-9895-4CEE-9C2B-254ED385974F}.Debug|Any CPU.Build.0 = Debug|Any CPU
		{56A57481-9895-4CEE-9C2B-254ED385974F}.Release|Any CPU.ActiveCfg = Release|Any CPU
		{56A57481-9895-4CEE-9C2B-254ED385974F}.Release|Any CPU.Build.0 = Release|Any CPU
	EndGlobalSection
	GlobalSection(SolutionProperties) = preSolution
		HideSolutionNode = FALSE
	EndGlobalSection
	GlobalSection(ExtensibilityGlobals) = postSolution
		SolutionGuid = {FBBA66BF-8A24-4520-8B56-FBDDA281D55E}
	EndGlobalSection
EndGlobal
