
Microsoft Visual Studio Solution File, Format Version 12.00
# Visual Studio Version 16
VisualStudioVersion = 16.0.32602.291
MinimumVisualStudioVersion = 10.0.40219.1
Project("{FAE04EC0-301F-11D3-BF4B-00C04F79EFBC}") = "Exercise17", "Exercise17.csproj", "{CC2DCBB4-5936-4686-B996-74221A52F19F}"
EndProject
Global
	GlobalSection(SolutionConfigurationPlatforms) = preSolution
		Debug|Any CPU = Debug|Any CPU
		Release|Any CPU = Release|Any CPU
	EndGlobalSection
	GlobalSection(ProjectConfigurationPlatforms) = postSolution
		{CC2DCBB4-5936-4686-B996-74221A52F19F}.Debug|Any CPU.ActiveCfg = Debug|Any CPU
		{CC2DCBB4-5936-4686-B996-74221A52F19F}.Debug|Any CPU.Build.0 = Debug|Any CPU
		{CC2DCBB4-5936-4686-B996-74221A52F19F}.Release|Any CPU.ActiveCfg = Release|Any CPU
		{CC2DCBB4-5936-4686-B996-74221A52F19F}.Release|Any CPU.Build.0 = Release|Any CPU
	EndGlobalSection
	GlobalSection(SolutionProperties) = preSolution
		HideSolutionNode = FALSE
	EndGlobalSection
	GlobalSection(ExtensibilityGlobals) = postSolution
		SolutionGuid = {8468E630-E943-459B-87BE-006E7DABC34B}
	EndGlobalSection
EndGlobal
