
Microsoft Visual Studio Solution File, Format Version 12.00
# Visual Studio Version 16
VisualStudioVersion = 16.0.32602.291
MinimumVisualStudioVersion = 10.0.40219.1
Project("{9A19103F-16F7-4668-BE54-9A1E7A4F7556}") = "stack", "stack\stack.csproj", "{EA29FBDB-2899-4D0F-9D5A-D928CE8BB205}"
EndProject
Project("{9A19103F-16F7-4668-BE54-9A1E7A4F7556}") = "Quene", "Quene\Quene.csproj", "{7A65D74F-064E-493C-A55E-B41381C5F8A3}"
EndProject
Project("{FAE04EC0-301F-11D3-BF4B-00C04F79EFBC}") = "ConsoleApp1", "ConsoleApp1\ConsoleApp1.csproj", "{3BC9A64F-0B05-4A54-B53B-29B340ECB301}"
EndProject
Project("{9A19103F-16F7-4668-BE54-9A1E7A4F7556}") = "LinkList", "LinkList\LinkList.csproj", "{0885BC74-679E-480D-9ACA-3F3AA0826AD3}"
EndProject
Project("{9A19103F-16F7-4668-BE54-9A1E7A4F7556}") = "PriorityQuene_assignment", "PriorityQuene_assignment\PriorityQuene_assignment.csproj", "{B42EBECC-0A5D-47EB-A75F-0E6EAD9477EF}"
EndProject
Project("{FAE04EC0-301F-11D3-BF4B-00C04F79EFBC}") = "HashTable", "HashTable\HashTable.csproj", "{1FF1BCB5-FF2C-4BAA-A6CC-FDF0D1A1239B}"
EndProject
Global
	GlobalSection(SolutionConfigurationPlatforms) = preSolution
		Debug|Any CPU = Debug|Any CPU
		Release|Any CPU = Release|Any CPU
	EndGlobalSection
	GlobalSection(ProjectConfigurationPlatforms) = postSolution
		{EA29FBDB-2899-4D0F-9D5A-D928CE8BB205}.Debug|Any CPU.ActiveCfg = Debug|Any CPU
		{EA29FBDB-2899-4D0F-9D5A-D928CE8BB205}.Debug|Any CPU.Build.0 = Debug|Any CPU
		{EA29FBDB-2899-4D0F-9D5A-D928CE8BB205}.Release|Any CPU.ActiveCfg = Release|Any CPU
		{EA29FBDB-2899-4D0F-9D5A-D928CE8BB205}.Release|Any CPU.Build.0 = Release|Any CPU
		{7A65D74F-064E-493C-A55E-B41381C5F8A3}.Debug|Any CPU.ActiveCfg = Debug|Any CPU
		{7A65D74F-064E-493C-A55E-B41381C5F8A3}.Debug|Any CPU.Build.0 = Debug|Any CPU
		{7A65D74F-064E-493C-A55E-B41381C5F8A3}.Release|Any CPU.ActiveCfg = Release|Any CPU
		{7A65D74F-064E-493C-A55E-B41381C5F8A3}.Release|Any CPU.Build.0 = Release|Any CPU
		{3BC9A64F-0B05-4A54-B53B-29B340ECB301}.Debug|Any CPU.ActiveCfg = Debug|Any CPU
		{3BC9A64F-0B05-4A54-B53B-29B340ECB301}.Debug|Any CPU.Build.0 = Debug|Any CPU
		{3BC9A64F-0B05-4A54-B53B-29B340ECB301}.Release|Any CPU.ActiveCfg = Release|Any CPU
		{3BC9A64F-0B05-4A54-B53B-29B340ECB301}.Release|Any CPU.Build.0 = Release|Any CPU
		{0885BC74-679E-480D-9ACA-3F3AA0826AD3}.Debug|Any CPU.ActiveCfg = Debug|Any CPU
		{0885BC74-679E-480D-9ACA-3F3AA0826AD3}.Debug|Any CPU.Build.0 = Debug|Any CPU
		{0885BC74-679E-480D-9ACA-3F3AA0826AD3}.Release|Any CPU.ActiveCfg = Release|Any CPU
		{0885BC74-679E-480D-9ACA-3F3AA0826AD3}.Release|Any CPU.Build.0 = Release|Any CPU
		{B42EBECC-0A5D-47EB-A75F-0E6EAD9477EF}.Debug|Any CPU.ActiveCfg = Debug|Any CPU
		{B42EBECC-0A5D-47EB-A75F-0E6EAD9477EF}.Debug|Any CPU.Build.0 = Debug|Any CPU
		{B42EBECC-0A5D-47EB-A75F-0E6EAD9477EF}.Release|Any CPU.ActiveCfg = Release|Any CPU
		{B42EBECC-0A5D-47EB-A75F-0E6EAD9477EF}.Release|Any CPU.Build.0 = Release|Any CPU
		{1FF1BCB5-FF2C-4BAA-A6CC-FDF0D1A1239B}.Debug|Any CPU.ActiveCfg = Debug|Any CPU
		{1FF1BCB5-FF2C-4BAA-A6CC-FDF0D1A1239B}.Debug|Any CPU.Build.0 = Debug|Any CPU
		{1FF1BCB5-FF2C-4BAA-A6CC-FDF0D1A1239B}.Release|Any CPU.ActiveCfg = Release|Any CPU
		{1FF1BCB5-FF2C-4BAA-A6CC-FDF0D1A1239B}.Release|Any CPU.Build.0 = Release|Any CPU
	EndGlobalSection
	GlobalSection(SolutionProperties) = preSolution
		HideSolutionNode = FALSE
	EndGlobalSection
	GlobalSection(ExtensibilityGlobals) = postSolution
		SolutionGuid = {1A438F30-6341-4364-A567-834DFED77E0A}
	EndGlobalSection
EndGlobal
