
Microsoft Visual Studio Solution File, Format Version 12.00
# Visual Studio Version 16
VisualStudioVersion = 16.0.32602.291
MinimumVisualStudioVersion = 10.0.40219.1
Project("{9A19103F-16F7-4668-BE54-9A1E7A4F7556}") = "assignment5", "assignment5\assignment5.csproj", "{23D439B3-56CC-40BE-8A46-05389781ABAE}"
EndProject
Project("{FAE04EC0-301F-11D3-BF4B-00C04F79EFBC}") = "Assignment7", "..\Assignment7\Assignment7\Assignment7.csproj", "{DF787DE4-1137-4787-9D9D-E6F18B82506A}"
EndProject
Global
	GlobalSection(SolutionConfigurationPlatforms) = preSolution
		Debug|Any CPU = Debug|Any CPU
		Release|Any CPU = Release|Any CPU
	EndGlobalSection
	GlobalSection(ProjectConfigurationPlatforms) = postSolution
		{23D439B3-56CC-40BE-8A46-05389781ABAE}.Debug|Any CPU.ActiveCfg = Debug|Any CPU
		{23D439B3-56CC-40BE-8A46-05389781ABAE}.Debug|Any CPU.Build.0 = Debug|Any CPU
		{23D439B3-56CC-40BE-8A46-05389781ABAE}.Release|Any CPU.ActiveCfg = Release|Any CPU
		{23D439B3-56CC-40BE-8A46-05389781ABAE}.Release|Any CPU.Build.0 = Release|Any CPU
		{DF787DE4-1137-4787-9D9D-E6F18B82506A}.Debug|Any CPU.ActiveCfg = Debug|Any CPU
		{DF787DE4-1137-4787-9D9D-E6F18B82506A}.Debug|Any CPU.Build.0 = Debug|Any CPU
		{DF787DE4-1137-4787-9D9D-E6F18B82506A}.Release|Any CPU.ActiveCfg = Release|Any CPU
		{DF787DE4-1137-4787-9D9D-E6F18B82506A}.Release|Any CPU.Build.0 = Release|Any CPU
	EndGlobalSection
	GlobalSection(SolutionProperties) = preSolution
		HideSolutionNode = FALSE
	EndGlobalSection
	GlobalSection(ExtensibilityGlobals) = postSolution
		SolutionGuid = {26F5F0A5-F47D-4393-BDF8-0A8AA9834FC9}
	EndGlobalSection
EndGlobal
