
Microsoft Visual Studio Solution File, Format Version 12.00
# Visual Studio Version 16
VisualStudioVersion = 16.0.32602.291
MinimumVisualStudioVersion = 10.0.40219.1
Project("{FAE04EC0-301F-11D3-BF4B-00C04F79EFBC}") = "Exercise16", "Exercise16.csproj", "{C884AEBA-14AA-4756-B6C6-070FCBCCB70C}"
EndProject
Global
	GlobalSection(SolutionConfigurationPlatforms) = preSolution
		Debug|Any CPU = Debug|Any CPU
		Release|Any CPU = Release|Any CPU
	EndGlobalSection
	GlobalSection(ProjectConfigurationPlatforms) = postSolution
		{C884AEBA-14AA-4756-B6C6-070FCBCCB70C}.Debug|Any CPU.ActiveCfg = Debug|Any CPU
		{C884AEBA-14AA-4756-B6C6-070FCBCCB70C}.Debug|Any CPU.Build.0 = Debug|Any CPU
		{C884AEBA-14AA-4756-B6C6-070FCBCCB70C}.Release|Any CPU.ActiveCfg = Release|Any CPU
		{C884AEBA-14AA-4756-B6C6-070FCBCCB70C}.Release|Any CPU.Build.0 = Release|Any CPU
	EndGlobalSection
	GlobalSection(SolutionProperties) = preSolution
		HideSolutionNode = FALSE
	EndGlobalSection
	GlobalSection(ExtensibilityGlobals) = postSolution
		SolutionGuid = {255EDC52-6C96-449A-9591-2DADCCF4FAD6}
	EndGlobalSection
EndGlobal
